
Microsoft Visual Studio Solution File, Format Version 12.00
# Visual Studio 15
VisualStudioVersion = 15.0.28307.1705
MinimumVisualStudioVersion = 10.0.40219.1
Project("{FAE04EC0-301F-11D3-BF4B-00C04F79EFBC}") = "Chargeon", "Chargeon\Chargeon.csproj", "{6CEAE22A-207A-452D-9E3A-C239BE01D00F}"
EndProject
Global
	GlobalSection(SolutionConfigurationPlatforms) = preSolution
		Debug|Any CPU = Debug|Any CPU
		Release|Any CPU = Release|Any CPU
	EndGlobalSection
	GlobalSection(ProjectConfigurationPlatforms) = postSolution
		{6CEAE22A-207A-452D-9E3A-C239BE01D00F}.Debug|Any CPU.ActiveCfg = Debug|Any CPU
		{6CEAE22A-207A-452D-9E3A-C239BE01D00F}.Debug|Any CPU.Build.0 = Debug|Any CPU
		{6CEAE22A-207A-452D-9E3A-C239BE01D00F}.Release|Any CPU.ActiveCfg = Release|Any CPU
		{6CEAE22A-207A-452D-9E3A-C239BE01D00F}.Release|Any CPU.Build.0 = Release|Any CPU
	EndGlobalSection
	GlobalSection(SolutionProperties) = preSolution
		HideSolutionNode = FALSE
	EndGlobalSection
	GlobalSection(ExtensibilityGlobals) = postSolution
		SolutionGuid = {118430B5-F698-4595-9E29-B9D64C01CE64}
	EndGlobalSection
EndGlobal
